
Microsoft Visual Studio Solution File, Format Version 12.00
# Visual Studio 15
VisualStudioVersion = 15.0.26124.0
MinimumVisualStudioVersion = 15.0.26124.0
Project("{2150E333-8FDC-42A3-9474-1A3956D46DE8}") = "src", "src", "{C397A34C-84F1-49E7-AEBC-2F9F2B196216}"
EndProject
Project("{F2A71F9B-5D33-465A-A702-920D77279786}") = "AkkaActorModel", "src\AkkaActorModel\AkkaActorModel.fsproj", "{5D30E174-2538-47AC-8443-318C8C5DC2C9}"
EndProject
Project("{2150E333-8FDC-42A3-9474-1A3956D46DE8}") = "tests", "tests", "{ACBEE43C-7A88-4FB1-9B06-DB064D22B29F}"
EndProject
Project("{F2A71F9B-5D33-465A-A702-920D77279786}") = "AkkaActorModel.Tests", "tests\AkkaActorModel.Tests\AkkaActorModel.Tests.fsproj", "{1CA2E092-2320-451D-A4F0-9ED7C7C528CA}"
EndProject
Project("{FAE04EC0-301F-11D3-BF4B-00C04F79EFBC}") = "AkkaActor.Demos", "src\AkkaActor.Demos\AkkaActor.Demos.csproj", "{5D1DDCCA-B0C1-426E-8A4E-E0B026AD7A5C}"
EndProject
Project("{2150E333-8FDC-42A3-9474-1A3956D46DE8}") = "Chat", "Chat", "{00C528EC-228F-4099-866A-A4D741B52F8F}"
EndProject
Project("{F2A71F9B-5D33-465A-A702-920D77279786}") = "ChatClient", "src\Chat\FSharpChat\ChatClient\ChatClient.fsproj", "{EEF96711-0142-4D59-AE42-E4147815A7FD}"
EndProject
Project("{F2A71F9B-5D33-465A-A702-920D77279786}") = "ChatMessages", "src\Chat\FSharpChat\ChatMessages\ChatMessages.fsproj", "{63404A22-2592-4D8E-AC27-B3C9FF71851B}"
EndProject
Project("{F2A71F9B-5D33-465A-A702-920D77279786}") = "ChatServer", "src\Chat\FSharpChat\ChatServer\ChatServer.fsproj", "{166E2EAD-8DAA-4819-BD7B-1975FDF680A4}"
EndProject
Project("{2150E333-8FDC-42A3-9474-1A3956D46DE8}") = "Fractal", "Fractal", "{FEDCF341-6B41-492A-9AAE-B566128310E4}"
EndProject
Project("{2150E333-8FDC-42A3-9474-1A3956D46DE8}") = "Remote", "Remote", "{8936D866-7231-47A2-BBEC-1D66F44D577D}"
EndProject
Project("{F2A71F9B-5D33-465A-A702-920D77279786}") = "Node1", "src\Remote\Node1\Node1.fsproj", "{9DCB9B6B-B122-46E2-8E7B-18D0C300011B}"
EndProject
Project("{F2A71F9B-5D33-465A-A702-920D77279786}") = "Node2", "src\Remote\Node2\Node2.fsproj", "{84AE0E06-DF5C-4F2A-92D8-F570C581058B}"
EndProject
Project("{F2A71F9B-5D33-465A-A702-920D77279786}") = "SharedNodes", "src\Remote\SharedNodes\SharedNodes.fsproj", "{E4036F01-CD06-47F2-835A-AE57521B6172}"
EndProject
Project("{F2A71F9B-5D33-465A-A702-920D77279786}") = "Remote.Console", "src\Remote\Remote.Console\Remote.Console.fsproj", "{8D51882C-8DF3-4012-BE71-AFC6BC0ED688}"
EndProject
Project("{F2A71F9B-5D33-465A-A702-920D77279786}") = "Remote.Greeting", "src\Remote\Remote.Greeting\Remote.Greeting.fsproj", "{DC9B49B8-2135-4F6F-AE52-25074A674C46}"
EndProject
Project("{F2A71F9B-5D33-465A-A702-920D77279786}") = "Remote.Server", "src\Remote\Remote.Server\Remote.Server.fsproj", "{D8EA0F1D-409F-4E6A-A0C6-2715560F9133}"
EndProject
Project("{F2A71F9B-5D33-465A-A702-920D77279786}") = "Fractal.Remote", "src\Fractal\FSharpFractal\Fractal.Remote\Fractal.Remote.fsproj", "{88FCA16C-2E71-4CBF-88DA-A3CED8B263AD}"
EndProject
Project("{F2A71F9B-5D33-465A-A702-920D77279786}") = "Fractal", "src\Fractal\FSharpFractal\Fractal\Fractal.fsproj", "{4FAE48C8-4451-451F-8F17-124C3AB6A2BB}"
EndProject
Project("{F2A71F9B-5D33-465A-A702-920D77279786}") = "Fractal.Shared", "src\Fractal\FSharpFractal\Fractal.Shared\Fractal.Shared.fsproj", "{0B629B84-158D-415E-B58D-EF1F9429E840}"
EndProject
Project("{2150E333-8FDC-42A3-9474-1A3956D46DE8}") = "FSharpChat", "FSharpChat", "{5B007921-5B6C-407A-BD6C-69599053D3CE}"
EndProject
Project("{2150E333-8FDC-42A3-9474-1A3956D46DE8}") = "CSharpChat", "CSharpChat", "{0ED86A3D-8C60-4C97-A269-E2F8A535198A}"
EndProject
Project("{FAE04EC0-301F-11D3-BF4B-00C04F79EFBC}") = "ChatClient", "src\Chat\CSharpChat\ChatClient\ChatClient.csproj", "{6B414FFB-B81F-4690-AB77-6E4C71E87EDE}"
EndProject
Project("{FAE04EC0-301F-11D3-BF4B-00C04F79EFBC}") = "ChatServer", "src\Chat\CSharpChat\ChatServer\ChatServer.csproj", "{0F60F9E6-AE68-453F-8982-13920BD5AE33}"
EndProject
Project("{FAE04EC0-301F-11D3-BF4B-00C04F79EFBC}") = "ChatMessages", "src\Chat\CSharpChat\ChatMessages\ChatMessages.csproj", "{D8A4A1CE-F74B-4C54-AF21-14529DD82633}"
EndProject
Project("{2150E333-8FDC-42A3-9474-1A3956D46DE8}") = "CSharpFractal", "CSharpFractal", "{A4A19B5A-0823-495E-8E9A-8B7B85DEA15B}"
EndProject
Project("{2150E333-8FDC-42A3-9474-1A3956D46DE8}") = "FSharpFractal", "FSharpFractal", "{CF15AD59-089E-4603-BBE4-5F50A51920BA}"
EndProject
Project("{F2A71F9B-5D33-465A-A702-920D77279786}") = "FSharpAgent", "src\FSharpAgent\FSharpAgent.fsproj", "{88D28C8B-5E90-43E3-BE1C-C713641D0090}"
EndProject
Project("{FAE04EC0-301F-11D3-BF4B-00C04F79EFBC}") = "PersistenceActor", "src\PersistenceActor\PersistenceActor.csproj", "{BCE8E582-89C1-456B-9944-D29EF3984294}"
EndProject
Project("{2150E333-8FDC-42A3-9474-1A3956D46DE8}") = "RemoteDeploy", "RemoteDeploy", "{7343DD72-146F-4297-BE14-21047AC51D78}"
EndProject
Project("{F2A71F9B-5D33-465A-A702-920D77279786}") = "FSharp.Remote.Deploy.Server", "src\RemoteDeploy\FSharp.Remote.Deploy.Server\FSharp.Remote.Deploy.Server.fsproj", "{9D35E69E-9258-4AEF-BD0C-E4B443E7A7E4}"
EndProject
Project("{F2A71F9B-5D33-465A-A702-920D77279786}") = "FSharp.Remote.Deploy.Client", "src\RemoteDeploy\FSharp.Remote.Deploy.Client\FSharp.Remote.Deploy.Client.fsproj", "{81F1AD23-1A6E-450F-AEB7-19240FE89722}"
EndProject
Project("{2150E333-8FDC-42A3-9474-1A3956D46DE8}") = "Data", "Data", "{5B0050E6-E7A5-4386-94E1-D6BC8111F671}"
EndProject
Project("{FAE04EC0-301F-11D3-BF4B-00C04F79EFBC}") = "Common", "src\Common\Common.csproj", "{35CE6DC5-2151-436A-8A35-B7D23F7B422C}"
EndProject
Project("{FAE04EC0-301F-11D3-BF4B-00C04F79EFBC}") = "Fractal", "src\Fractal\CSharpFractal\Fractal\Fractal.csproj", "{5867077B-4799-495C-95B2-1CBCB0E19251}"
EndProject
Project("{FAE04EC0-301F-11D3-BF4B-00C04F79EFBC}") = "FractalShared", "src\Fractal\CSharpFractal\FractalShared\FractalShared.csproj", "{459A7CAF-1DB2-4401-ABF2-17071C339E15}"
EndProject
Project("{FAE04EC0-301F-11D3-BF4B-00C04F79EFBC}") = "Fractal.Worker", "src\Fractal\CSharpFractal\Fractal.Worker\Fractal.Worker.csproj", "{79AA2E80-E4BA-41EF-92BE-BDB37B0E2941}"
EndProject
Project("{FAE04EC0-301F-11D3-BF4B-00C04F79EFBC}") = "ActorWordsCounter", "src\ActorWordsCounter\ActorWordsCounter.csproj", "{636C9307-68CA-4FF8-A74E-7ED22B1A6FB4}"
EndProject
Project("{2150E333-8FDC-42A3-9474-1A3956D46DE8}") = "AkkaDocker", "AkkaDocker", "{A2986B28-FAE6-4CDB-914A-00415878297C}"
ProjectSection(SolutionItems) = preProject
	src\AkkaDocker\docker.yml = src\AkkaDocker\docker.yml
EndProjectSection
EndProject
Project("{FAE04EC0-301F-11D3-BF4B-00C04F79EFBC}") = "Host", "src\AkkaDocker\Host\Host.csproj", "{37D93788-2D81-47C5-9B31-CA549CBA89D2}"
EndProject
Project("{FAE04EC0-301F-11D3-BF4B-00C04F79EFBC}") = "Client", "src\AkkaDocker\Client\Client.csproj", "{19DB1B27-6784-49CB-B728-8FFC6229ADED}"
EndProject
Project("{FAE04EC0-301F-11D3-BF4B-00C04F79EFBC}") = "Shared", "src\AkkaDocker\Shared\Shared.csproj", "{FE65E079-2D4D-407F-914A-EA504A019F64}"
EndProject
Project("{F2A71F9B-5D33-465A-A702-920D77279786}") = "Akka.Client", "src\RemoteDeploy\Akka.Client.KMeans\Akka.Client.fsproj", "{7C5E7B0E-52A1-45DE-A609-3FCE3589F4FC}"
EndProject
Project("{F2A71F9B-5D33-465A-A702-920D77279786}") = "Akka.FSharp.Remote", "src\RemoteDeploy\Akka.FSharp.Remote.KMeans\Akka.FSharp.Remote.fsproj", "{C248853C-BFC2-4405-ABFD-52FFD2D6F8A1}"
EndProject
Project("{FAE04EC0-301F-11D3-BF4B-00C04F79EFBC}") = "ExactlyOnceDelivery", "src\ExactlyOnceDelivery\ExactlyOnceDelivery.csproj", "{3C2333E2-B21C-46EC-8A47-7EEFD244CEEF}"
EndProject
Global
	GlobalSection(SolutionConfigurationPlatforms) = preSolution
		Debug|Any CPU = Debug|Any CPU
		Debug|x64 = Debug|x64
		Debug|x86 = Debug|x86
		Release|Any CPU = Release|Any CPU
		Release|x64 = Release|x64
		Release|x86 = Release|x86
	EndGlobalSection
	GlobalSection(SolutionProperties) = preSolution
		HideSolutionNode = FALSE
	EndGlobalSection
	GlobalSection(ProjectConfigurationPlatforms) = postSolution
		{5D30E174-2538-47AC-8443-318C8C5DC2C9}.Debug|Any CPU.ActiveCfg = Debug|Any CPU
		{5D30E174-2538-47AC-8443-318C8C5DC2C9}.Debug|Any CPU.Build.0 = Debug|Any CPU
		{5D30E174-2538-47AC-8443-318C8C5DC2C9}.Debug|x64.ActiveCfg = Debug|x64
		{5D30E174-2538-47AC-8443-318C8C5DC2C9}.Debug|x64.Build.0 = Debug|x64
		{5D30E174-2538-47AC-8443-318C8C5DC2C9}.Debug|x86.ActiveCfg = Debug|x86
		{5D30E174-2538-47AC-8443-318C8C5DC2C9}.Debug|x86.Build.0 = Debug|x86
		{5D30E174-2538-47AC-8443-318C8C5DC2C9}.Release|Any CPU.ActiveCfg = Release|Any CPU
		{5D30E174-2538-47AC-8443-318C8C5DC2C9}.Release|Any CPU.Build.0 = Release|Any CPU
		{5D30E174-2538-47AC-8443-318C8C5DC2C9}.Release|x64.ActiveCfg = Release|x64
		{5D30E174-2538-47AC-8443-318C8C5DC2C9}.Release|x64.Build.0 = Release|x64
		{5D30E174-2538-47AC-8443-318C8C5DC2C9}.Release|x86.ActiveCfg = Release|x86
		{5D30E174-2538-47AC-8443-318C8C5DC2C9}.Release|x86.Build.0 = Release|x86
		{1CA2E092-2320-451D-A4F0-9ED7C7C528CA}.Debug|Any CPU.ActiveCfg = Debug|Any CPU
		{1CA2E092-2320-451D-A4F0-9ED7C7C528CA}.Debug|Any CPU.Build.0 = Debug|Any CPU
		{1CA2E092-2320-451D-A4F0-9ED7C7C528CA}.Debug|x64.ActiveCfg = Debug|x64
		{1CA2E092-2320-451D-A4F0-9ED7C7C528CA}.Debug|x64.Build.0 = Debug|x64
		{1CA2E092-2320-451D-A4F0-9ED7C7C528CA}.Debug|x86.ActiveCfg = Debug|x86
		{1CA2E092-2320-451D-A4F0-9ED7C7C528CA}.Debug|x86.Build.0 = Debug|x86
		{1CA2E092-2320-451D-A4F0-9ED7C7C528CA}.Release|Any CPU.ActiveCfg = Release|Any CPU
		{1CA2E092-2320-451D-A4F0-9ED7C7C528CA}.Release|Any CPU.Build.0 = Release|Any CPU
		{1CA2E092-2320-451D-A4F0-9ED7C7C528CA}.Release|x64.ActiveCfg = Release|x64
		{1CA2E092-2320-451D-A4F0-9ED7C7C528CA}.Release|x64.Build.0 = Release|x64
		{1CA2E092-2320-451D-A4F0-9ED7C7C528CA}.Release|x86.ActiveCfg = Release|x86
		{1CA2E092-2320-451D-A4F0-9ED7C7C528CA}.Release|x86.Build.0 = Release|x86
		{5D1DDCCA-B0C1-426E-8A4E-E0B026AD7A5C}.Debug|Any CPU.ActiveCfg = Debug|Any CPU
		{5D1DDCCA-B0C1-426E-8A4E-E0B026AD7A5C}.Debug|Any CPU.Build.0 = Debug|Any CPU
		{5D1DDCCA-B0C1-426E-8A4E-E0B026AD7A5C}.Debug|x64.ActiveCfg = Debug|Any CPU
		{5D1DDCCA-B0C1-426E-8A4E-E0B026AD7A5C}.Debug|x64.Build.0 = Debug|Any CPU
		{5D1DDCCA-B0C1-426E-8A4E-E0B026AD7A5C}.Debug|x86.ActiveCfg = Debug|Any CPU
		{5D1DDCCA-B0C1-426E-8A4E-E0B026AD7A5C}.Debug|x86.Build.0 = Debug|Any CPU
		{5D1DDCCA-B0C1-426E-8A4E-E0B026AD7A5C}.Release|Any CPU.ActiveCfg = Release|Any CPU
		{5D1DDCCA-B0C1-426E-8A4E-E0B026AD7A5C}.Release|Any CPU.Build.0 = Release|Any CPU
		{5D1DDCCA-B0C1-426E-8A4E-E0B026AD7A5C}.Release|x64.ActiveCfg = Release|Any CPU
		{5D1DDCCA-B0C1-426E-8A4E-E0B026AD7A5C}.Release|x64.Build.0 = Release|Any CPU
		{5D1DDCCA-B0C1-426E-8A4E-E0B026AD7A5C}.Release|x86.ActiveCfg = Release|Any CPU
		{5D1DDCCA-B0C1-426E-8A4E-E0B026AD7A5C}.Release|x86.Build.0 = Release|Any CPU
		{EEF96711-0142-4D59-AE42-E4147815A7FD}.Debug|Any CPU.ActiveCfg = Debug|Any CPU
		{EEF96711-0142-4D59-AE42-E4147815A7FD}.Debug|Any CPU.Build.0 = Debug|Any CPU
		{EEF96711-0142-4D59-AE42-E4147815A7FD}.Debug|x64.ActiveCfg = Debug|Any CPU
		{EEF96711-0142-4D59-AE42-E4147815A7FD}.Debug|x64.Build.0 = Debug|Any CPU
		{EEF96711-0142-4D59-AE42-E4147815A7FD}.Debug|x86.ActiveCfg = Debug|Any CPU
		{EEF96711-0142-4D59-AE42-E4147815A7FD}.Debug|x86.Build.0 = Debug|Any CPU
		{EEF96711-0142-4D59-AE42-E4147815A7FD}.Release|Any CPU.ActiveCfg = Release|Any CPU
		{EEF96711-0142-4D59-AE42-E4147815A7FD}.Release|Any CPU.Build.0 = Release|Any CPU
		{EEF96711-0142-4D59-AE42-E4147815A7FD}.Release|x64.ActiveCfg = Release|Any CPU
		{EEF96711-0142-4D59-AE42-E4147815A7FD}.Release|x64.Build.0 = Release|Any CPU
		{EEF96711-0142-4D59-AE42-E4147815A7FD}.Release|x86.ActiveCfg = Release|Any CPU
		{EEF96711-0142-4D59-AE42-E4147815A7FD}.Release|x86.Build.0 = Release|Any CPU
		{63404A22-2592-4D8E-AC27-B3C9FF71851B}.Debug|Any CPU.ActiveCfg = Debug|Any CPU
		{63404A22-2592-4D8E-AC27-B3C9FF71851B}.Debug|Any CPU.Build.0 = Debug|Any CPU
		{63404A22-2592-4D8E-AC27-B3C9FF71851B}.Debug|x64.ActiveCfg = Debug|Any CPU
		{63404A22-2592-4D8E-AC27-B3C9FF71851B}.Debug|x64.Build.0 = Debug|Any CPU
		{63404A22-2592-4D8E-AC27-B3C9FF71851B}.Debug|x86.ActiveCfg = Debug|Any CPU
		{63404A22-2592-4D8E-AC27-B3C9FF71851B}.Debug|x86.Build.0 = Debug|Any CPU
		{63404A22-2592-4D8E-AC27-B3C9FF71851B}.Release|Any CPU.ActiveCfg = Release|Any CPU
		{63404A22-2592-4D8E-AC27-B3C9FF71851B}.Release|Any CPU.Build.0 = Release|Any CPU
		{63404A22-2592-4D8E-AC27-B3C9FF71851B}.Release|x64.ActiveCfg = Release|Any CPU
		{63404A22-2592-4D8E-AC27-B3C9FF71851B}.Release|x64.Build.0 = Release|Any CPU
		{63404A22-2592-4D8E-AC27-B3C9FF71851B}.Release|x86.ActiveCfg = Release|Any CPU
		{63404A22-2592-4D8E-AC27-B3C9FF71851B}.Release|x86.Build.0 = Release|Any CPU
		{166E2EAD-8DAA-4819-BD7B-1975FDF680A4}.Debug|Any CPU.ActiveCfg = Debug|Any CPU
		{166E2EAD-8DAA-4819-BD7B-1975FDF680A4}.Debug|Any CPU.Build.0 = Debug|Any CPU
		{166E2EAD-8DAA-4819-BD7B-1975FDF680A4}.Debug|x64.ActiveCfg = Debug|Any CPU
		{166E2EAD-8DAA-4819-BD7B-1975FDF680A4}.Debug|x64.Build.0 = Debug|Any CPU
		{166E2EAD-8DAA-4819-BD7B-1975FDF680A4}.Debug|x86.ActiveCfg = Debug|Any CPU
		{166E2EAD-8DAA-4819-BD7B-1975FDF680A4}.Debug|x86.Build.0 = Debug|Any CPU
		{166E2EAD-8DAA-4819-BD7B-1975FDF680A4}.Release|Any CPU.ActiveCfg = Release|Any CPU
		{166E2EAD-8DAA-4819-BD7B-1975FDF680A4}.Release|Any CPU.Build.0 = Release|Any CPU
		{166E2EAD-8DAA-4819-BD7B-1975FDF680A4}.Release|x64.ActiveCfg = Release|Any CPU
		{166E2EAD-8DAA-4819-BD7B-1975FDF680A4}.Release|x64.Build.0 = Release|Any CPU
		{166E2EAD-8DAA-4819-BD7B-1975FDF680A4}.Release|x86.ActiveCfg = Release|Any CPU
		{166E2EAD-8DAA-4819-BD7B-1975FDF680A4}.Release|x86.Build.0 = Release|Any CPU
		{9DCB9B6B-B122-46E2-8E7B-18D0C300011B}.Debug|Any CPU.ActiveCfg = Debug|Any CPU
		{9DCB9B6B-B122-46E2-8E7B-18D0C300011B}.Debug|Any CPU.Build.0 = Debug|Any CPU
		{9DCB9B6B-B122-46E2-8E7B-18D0C300011B}.Debug|x64.ActiveCfg = Debug|Any CPU
		{9DCB9B6B-B122-46E2-8E7B-18D0C300011B}.Debug|x64.Build.0 = Debug|Any CPU
		{9DCB9B6B-B122-46E2-8E7B-18D0C300011B}.Debug|x86.ActiveCfg = Debug|Any CPU
		{9DCB9B6B-B122-46E2-8E7B-18D0C300011B}.Debug|x86.Build.0 = Debug|Any CPU
		{9DCB9B6B-B122-46E2-8E7B-18D0C300011B}.Release|Any CPU.ActiveCfg = Release|Any CPU
		{9DCB9B6B-B122-46E2-8E7B-18D0C300011B}.Release|Any CPU.Build.0 = Release|Any CPU
		{9DCB9B6B-B122-46E2-8E7B-18D0C300011B}.Release|x64.ActiveCfg = Release|Any CPU
		{9DCB9B6B-B122-46E2-8E7B-18D0C300011B}.Release|x64.Build.0 = Release|Any CPU
		{9DCB9B6B-B122-46E2-8E7B-18D0C300011B}.Release|x86.ActiveCfg = Release|Any CPU
		{9DCB9B6B-B122-46E2-8E7B-18D0C300011B}.Release|x86.Build.0 = Release|Any CPU
		{84AE0E06-DF5C-4F2A-92D8-F570C581058B}.Debug|Any CPU.ActiveCfg = Debug|Any CPU
		{84AE0E06-DF5C-4F2A-92D8-F570C581058B}.Debug|Any CPU.Build.0 = Debug|Any CPU
		{84AE0E06-DF5C-4F2A-92D8-F570C581058B}.Debug|x64.ActiveCfg = Debug|Any CPU
		{84AE0E06-DF5C-4F2A-92D8-F570C581058B}.Debug|x64.Build.0 = Debug|Any CPU
		{84AE0E06-DF5C-4F2A-92D8-F570C581058B}.Debug|x86.ActiveCfg = Debug|Any CPU
		{84AE0E06-DF5C-4F2A-92D8-F570C581058B}.Debug|x86.Build.0 = Debug|Any CPU
		{84AE0E06-DF5C-4F2A-92D8-F570C581058B}.Release|Any CPU.ActiveCfg = Release|Any CPU
		{84AE0E06-DF5C-4F2A-92D8-F570C581058B}.Release|Any CPU.Build.0 = Release|Any CPU
		{84AE0E06-DF5C-4F2A-92D8-F570C581058B}.Release|x64.ActiveCfg = Release|Any CPU
		{84AE0E06-DF5C-4F2A-92D8-F570C581058B}.Release|x64.Build.0 = Release|Any CPU
		{84AE0E06-DF5C-4F2A-92D8-F570C581058B}.Release|x86.ActiveCfg = Release|Any CPU
		{84AE0E06-DF5C-4F2A-92D8-F570C581058B}.Release|x86.Build.0 = Release|Any CPU
		{E4036F01-CD06-47F2-835A-AE57521B6172}.Debug|Any CPU.ActiveCfg = Debug|Any CPU
		{E4036F01-CD06-47F2-835A-AE57521B6172}.Debug|Any CPU.Build.0 = Debug|Any CPU
		{E4036F01-CD06-47F2-835A-AE57521B6172}.Debug|x64.ActiveCfg = Debug|Any CPU
		{E4036F01-CD06-47F2-835A-AE57521B6172}.Debug|x64.Build.0 = Debug|Any CPU
		{E4036F01-CD06-47F2-835A-AE57521B6172}.Debug|x86.ActiveCfg = Debug|Any CPU
		{E4036F01-CD06-47F2-835A-AE57521B6172}.Debug|x86.Build.0 = Debug|Any CPU
		{E4036F01-CD06-47F2-835A-AE57521B6172}.Release|Any CPU.ActiveCfg = Release|Any CPU
		{E4036F01-CD06-47F2-835A-AE57521B6172}.Release|Any CPU.Build.0 = Release|Any CPU
		{E4036F01-CD06-47F2-835A-AE57521B6172}.Release|x64.ActiveCfg = Release|Any CPU
		{E4036F01-CD06-47F2-835A-AE57521B6172}.Release|x64.Build.0 = Release|Any CPU
		{E4036F01-CD06-47F2-835A-AE57521B6172}.Release|x86.ActiveCfg = Release|Any CPU
		{E4036F01-CD06-47F2-835A-AE57521B6172}.Release|x86.Build.0 = Release|Any CPU
		{8D51882C-8DF3-4012-BE71-AFC6BC0ED688}.Debug|Any CPU.ActiveCfg = Debug|Any CPU
		{8D51882C-8DF3-4012-BE71-AFC6BC0ED688}.Debug|Any CPU.Build.0 = Debug|Any CPU
		{8D51882C-8DF3-4012-BE71-AFC6BC0ED688}.Debug|x64.ActiveCfg = Debug|Any CPU
		{8D51882C-8DF3-4012-BE71-AFC6BC0ED688}.Debug|x64.Build.0 = Debug|Any CPU
		{8D51882C-8DF3-4012-BE71-AFC6BC0ED688}.Debug|x86.ActiveCfg = Debug|Any CPU
		{8D51882C-8DF3-4012-BE71-AFC6BC0ED688}.Debug|x86.Build.0 = Debug|Any CPU
		{8D51882C-8DF3-4012-BE71-AFC6BC0ED688}.Release|Any CPU.ActiveCfg = Release|Any CPU
		{8D51882C-8DF3-4012-BE71-AFC6BC0ED688}.Release|Any CPU.Build.0 = Release|Any CPU
		{8D51882C-8DF3-4012-BE71-AFC6BC0ED688}.Release|x64.ActiveCfg = Release|Any CPU
		{8D51882C-8DF3-4012-BE71-AFC6BC0ED688}.Release|x64.Build.0 = Release|Any CPU
		{8D51882C-8DF3-4012-BE71-AFC6BC0ED688}.Release|x86.ActiveCfg = Release|Any CPU
		{8D51882C-8DF3-4012-BE71-AFC6BC0ED688}.Release|x86.Build.0 = Release|Any CPU
		{DC9B49B8-2135-4F6F-AE52-25074A674C46}.Debug|Any CPU.ActiveCfg = Debug|Any CPU
		{DC9B49B8-2135-4F6F-AE52-25074A674C46}.Debug|Any CPU.Build.0 = Debug|Any CPU
		{DC9B49B8-2135-4F6F-AE52-25074A674C46}.Debug|x64.ActiveCfg = Debug|Any CPU
		{DC9B49B8-2135-4F6F-AE52-25074A674C46}.Debug|x64.Build.0 = Debug|Any CPU
		{DC9B49B8-2135-4F6F-AE52-25074A674C46}.Debug|x86.ActiveCfg = Debug|Any CPU
		{DC9B49B8-2135-4F6F-AE52-25074A674C46}.Debug|x86.Build.0 = Debug|Any CPU
		{DC9B49B8-2135-4F6F-AE52-25074A674C46}.Release|Any CPU.ActiveCfg = Release|Any CPU
		{DC9B49B8-2135-4F6F-AE52-25074A674C46}.Release|Any CPU.Build.0 = Release|Any CPU
		{DC9B49B8-2135-4F6F-AE52-25074A674C46}.Release|x64.ActiveCfg = Release|Any CPU
		{DC9B49B8-2135-4F6F-AE52-25074A674C46}.Release|x64.Build.0 = Release|Any CPU
		{DC9B49B8-2135-4F6F-AE52-25074A674C46}.Release|x86.ActiveCfg = Release|Any CPU
		{DC9B49B8-2135-4F6F-AE52-25074A674C46}.Release|x86.Build.0 = Release|Any CPU
		{D8EA0F1D-409F-4E6A-A0C6-2715560F9133}.Debug|Any CPU.ActiveCfg = Debug|Any CPU
		{D8EA0F1D-409F-4E6A-A0C6-2715560F9133}.Debug|Any CPU.Build.0 = Debug|Any CPU
		{D8EA0F1D-409F-4E6A-A0C6-2715560F9133}.Debug|x64.ActiveCfg = Debug|Any CPU
		{D8EA0F1D-409F-4E6A-A0C6-2715560F9133}.Debug|x64.Build.0 = Debug|Any CPU
		{D8EA0F1D-409F-4E6A-A0C6-2715560F9133}.Debug|x86.ActiveCfg = Debug|Any CPU
		{D8EA0F1D-409F-4E6A-A0C6-2715560F9133}.Debug|x86.Build.0 = Debug|Any CPU
		{D8EA0F1D-409F-4E6A-A0C6-2715560F9133}.Release|Any CPU.ActiveCfg = Release|Any CPU
		{D8EA0F1D-409F-4E6A-A0C6-2715560F9133}.Release|Any CPU.Build.0 = Release|Any CPU
		{D8EA0F1D-409F-4E6A-A0C6-2715560F9133}.Release|x64.ActiveCfg = Release|Any CPU
		{D8EA0F1D-409F-4E6A-A0C6-2715560F9133}.Release|x64.Build.0 = Release|Any CPU
		{D8EA0F1D-409F-4E6A-A0C6-2715560F9133}.Release|x86.ActiveCfg = Release|Any CPU
		{D8EA0F1D-409F-4E6A-A0C6-2715560F9133}.Release|x86.Build.0 = Release|Any CPU
		{88FCA16C-2E71-4CBF-88DA-A3CED8B263AD}.Debug|Any CPU.ActiveCfg = Debug|Any CPU
		{88FCA16C-2E71-4CBF-88DA-A3CED8B263AD}.Debug|Any CPU.Build.0 = Debug|Any CPU
		{88FCA16C-2E71-4CBF-88DA-A3CED8B263AD}.Debug|x64.ActiveCfg = Debug|Any CPU
		{88FCA16C-2E71-4CBF-88DA-A3CED8B263AD}.Debug|x64.Build.0 = Debug|Any CPU
		{88FCA16C-2E71-4CBF-88DA-A3CED8B263AD}.Debug|x86.ActiveCfg = Debug|Any CPU
		{88FCA16C-2E71-4CBF-88DA-A3CED8B263AD}.Debug|x86.Build.0 = Debug|Any CPU
		{88FCA16C-2E71-4CBF-88DA-A3CED8B263AD}.Release|Any CPU.ActiveCfg = Release|Any CPU
		{88FCA16C-2E71-4CBF-88DA-A3CED8B263AD}.Release|Any CPU.Build.0 = Release|Any CPU
		{88FCA16C-2E71-4CBF-88DA-A3CED8B263AD}.Release|x64.ActiveCfg = Release|Any CPU
		{88FCA16C-2E71-4CBF-88DA-A3CED8B263AD}.Release|x64.Build.0 = Release|Any CPU
		{88FCA16C-2E71-4CBF-88DA-A3CED8B263AD}.Release|x86.ActiveCfg = Release|Any CPU
		{88FCA16C-2E71-4CBF-88DA-A3CED8B263AD}.Release|x86.Build.0 = Release|Any CPU
		{4FAE48C8-4451-451F-8F17-124C3AB6A2BB}.Debug|Any CPU.ActiveCfg = Debug|Any CPU
		{4FAE48C8-4451-451F-8F17-124C3AB6A2BB}.Debug|Any CPU.Build.0 = Debug|Any CPU
		{4FAE48C8-4451-451F-8F17-124C3AB6A2BB}.Debug|x64.ActiveCfg = Debug|Any CPU
		{4FAE48C8-4451-451F-8F17-124C3AB6A2BB}.Debug|x64.Build.0 = Debug|Any CPU
		{4FAE48C8-4451-451F-8F17-124C3AB6A2BB}.Debug|x86.ActiveCfg = Debug|Any CPU
		{4FAE48C8-4451-451F-8F17-124C3AB6A2BB}.Debug|x86.Build.0 = Debug|Any CPU
		{4FAE48C8-4451-451F-8F17-124C3AB6A2BB}.Release|Any CPU.ActiveCfg = Release|Any CPU
		{4FAE48C8-4451-451F-8F17-124C3AB6A2BB}.Release|Any CPU.Build.0 = Release|Any CPU
		{4FAE48C8-4451-451F-8F17-124C3AB6A2BB}.Release|x64.ActiveCfg = Release|Any CPU
		{4FAE48C8-4451-451F-8F17-124C3AB6A2BB}.Release|x64.Build.0 = Release|Any CPU
		{4FAE48C8-4451-451F-8F17-124C3AB6A2BB}.Release|x86.ActiveCfg = Release|Any CPU
		{4FAE48C8-4451-451F-8F17-124C3AB6A2BB}.Release|x86.Build.0 = Release|Any CPU
		{0B629B84-158D-415E-B58D-EF1F9429E840}.Debug|Any CPU.ActiveCfg = Debug|Any CPU
		{0B629B84-158D-415E-B58D-EF1F9429E840}.Debug|Any CPU.Build.0 = Debug|Any CPU
		{0B629B84-158D-415E-B58D-EF1F9429E840}.Debug|x64.ActiveCfg = Debug|Any CPU
		{0B629B84-158D-415E-B58D-EF1F9429E840}.Debug|x64.Build.0 = Debug|Any CPU
		{0B629B84-158D-415E-B58D-EF1F9429E840}.Debug|x86.ActiveCfg = Debug|Any CPU
		{0B629B84-158D-415E-B58D-EF1F9429E840}.Debug|x86.Build.0 = Debug|Any CPU
		{0B629B84-158D-415E-B58D-EF1F9429E840}.Release|Any CPU.ActiveCfg = Release|Any CPU
		{0B629B84-158D-415E-B58D-EF1F9429E840}.Release|Any CPU.Build.0 = Release|Any CPU
		{0B629B84-158D-415E-B58D-EF1F9429E840}.Release|x64.ActiveCfg = Release|Any CPU
		{0B629B84-158D-415E-B58D-EF1F9429E840}.Release|x64.Build.0 = Release|Any CPU
		{0B629B84-158D-415E-B58D-EF1F9429E840}.Release|x86.ActiveCfg = Release|Any CPU
		{0B629B84-158D-415E-B58D-EF1F9429E840}.Release|x86.Build.0 = Release|Any CPU
		{6B414FFB-B81F-4690-AB77-6E4C71E87EDE}.Debug|Any CPU.ActiveCfg = Debug|Any CPU
		{6B414FFB-B81F-4690-AB77-6E4C71E87EDE}.Debug|Any CPU.Build.0 = Debug|Any CPU
		{6B414FFB-B81F-4690-AB77-6E4C71E87EDE}.Debug|x64.ActiveCfg = Debug|Any CPU
		{6B414FFB-B81F-4690-AB77-6E4C71E87EDE}.Debug|x64.Build.0 = Debug|Any CPU
		{6B414FFB-B81F-4690-AB77-6E4C71E87EDE}.Debug|x86.ActiveCfg = Debug|Any CPU
		{6B414FFB-B81F-4690-AB77-6E4C71E87EDE}.Debug|x86.Build.0 = Debug|Any CPU
		{6B414FFB-B81F-4690-AB77-6E4C71E87EDE}.Release|Any CPU.ActiveCfg = Release|Any CPU
		{6B414FFB-B81F-4690-AB77-6E4C71E87EDE}.Release|Any CPU.Build.0 = Release|Any CPU
		{6B414FFB-B81F-4690-AB77-6E4C71E87EDE}.Release|x64.ActiveCfg = Release|Any CPU
		{6B414FFB-B81F-4690-AB77-6E4C71E87EDE}.Release|x64.Build.0 = Release|Any CPU
		{6B414FFB-B81F-4690-AB77-6E4C71E87EDE}.Release|x86.ActiveCfg = Release|Any CPU
		{6B414FFB-B81F-4690-AB77-6E4C71E87EDE}.Release|x86.Build.0 = Release|Any CPU
		{0F60F9E6-AE68-453F-8982-13920BD5AE33}.Debug|Any CPU.ActiveCfg = Debug|Any CPU
		{0F60F9E6-AE68-453F-8982-13920BD5AE33}.Debug|Any CPU.Build.0 = Debug|Any CPU
		{0F60F9E6-AE68-453F-8982-13920BD5AE33}.Debug|x64.ActiveCfg = Debug|Any CPU
		{0F60F9E6-AE68-453F-8982-13920BD5AE33}.Debug|x64.Build.0 = Debug|Any CPU
		{0F60F9E6-AE68-453F-8982-13920BD5AE33}.Debug|x86.ActiveCfg = Debug|Any CPU
		{0F60F9E6-AE68-453F-8982-13920BD5AE33}.Debug|x86.Build.0 = Debug|Any CPU
		{0F60F9E6-AE68-453F-8982-13920BD5AE33}.Release|Any CPU.ActiveCfg = Release|Any CPU
		{0F60F9E6-AE68-453F-8982-13920BD5AE33}.Release|Any CPU.Build.0 = Release|Any CPU
		{0F60F9E6-AE68-453F-8982-13920BD5AE33}.Release|x64.ActiveCfg = Release|Any CPU
		{0F60F9E6-AE68-453F-8982-13920BD5AE33}.Release|x64.Build.0 = Release|Any CPU
		{0F60F9E6-AE68-453F-8982-13920BD5AE33}.Release|x86.ActiveCfg = Release|Any CPU
		{0F60F9E6-AE68-453F-8982-13920BD5AE33}.Release|x86.Build.0 = Release|Any CPU
		{D8A4A1CE-F74B-4C54-AF21-14529DD82633}.Debug|Any CPU.ActiveCfg = Debug|Any CPU
		{D8A4A1CE-F74B-4C54-AF21-14529DD82633}.Debug|Any CPU.Build.0 = Debug|Any CPU
		{D8A4A1CE-F74B-4C54-AF21-14529DD82633}.Debug|x64.ActiveCfg = Debug|Any CPU
		{D8A4A1CE-F74B-4C54-AF21-14529DD82633}.Debug|x64.Build.0 = Debug|Any CPU
		{D8A4A1CE-F74B-4C54-AF21-14529DD82633}.Debug|x86.ActiveCfg = Debug|Any CPU
		{D8A4A1CE-F74B-4C54-AF21-14529DD82633}.Debug|x86.Build.0 = Debug|Any CPU
		{D8A4A1CE-F74B-4C54-AF21-14529DD82633}.Release|Any CPU.ActiveCfg = Release|Any CPU
		{D8A4A1CE-F74B-4C54-AF21-14529DD82633}.Release|Any CPU.Build.0 = Release|Any CPU
		{D8A4A1CE-F74B-4C54-AF21-14529DD82633}.Release|x64.ActiveCfg = Release|Any CPU
		{D8A4A1CE-F74B-4C54-AF21-14529DD82633}.Release|x64.Build.0 = Release|Any CPU
		{D8A4A1CE-F74B-4C54-AF21-14529DD82633}.Release|x86.ActiveCfg = Release|Any CPU
		{D8A4A1CE-F74B-4C54-AF21-14529DD82633}.Release|x86.Build.0 = Release|Any CPU
		{88D28C8B-5E90-43E3-BE1C-C713641D0090}.Debug|Any CPU.ActiveCfg = Debug|Any CPU
		{88D28C8B-5E90-43E3-BE1C-C713641D0090}.Debug|Any CPU.Build.0 = Debug|Any CPU
		{88D28C8B-5E90-43E3-BE1C-C713641D0090}.Debug|x64.ActiveCfg = Debug|Any CPU
		{88D28C8B-5E90-43E3-BE1C-C713641D0090}.Debug|x64.Build.0 = Debug|Any CPU
		{88D28C8B-5E90-43E3-BE1C-C713641D0090}.Debug|x86.ActiveCfg = Debug|Any CPU
		{88D28C8B-5E90-43E3-BE1C-C713641D0090}.Debug|x86.Build.0 = Debug|Any CPU
		{88D28C8B-5E90-43E3-BE1C-C713641D0090}.Release|Any CPU.ActiveCfg = Release|Any CPU
		{88D28C8B-5E90-43E3-BE1C-C713641D0090}.Release|Any CPU.Build.0 = Release|Any CPU
		{88D28C8B-5E90-43E3-BE1C-C713641D0090}.Release|x64.ActiveCfg = Release|Any CPU
		{88D28C8B-5E90-43E3-BE1C-C713641D0090}.Release|x64.Build.0 = Release|Any CPU
		{88D28C8B-5E90-43E3-BE1C-C713641D0090}.Release|x86.ActiveCfg = Release|Any CPU
		{88D28C8B-5E90-43E3-BE1C-C713641D0090}.Release|x86.Build.0 = Release|Any CPU
		{BCE8E582-89C1-456B-9944-D29EF3984294}.Debug|Any CPU.ActiveCfg = Debug|Any CPU
		{BCE8E582-89C1-456B-9944-D29EF3984294}.Debug|Any CPU.Build.0 = Debug|Any CPU
		{BCE8E582-89C1-456B-9944-D29EF3984294}.Debug|x64.ActiveCfg = Debug|Any CPU
		{BCE8E582-89C1-456B-9944-D29EF3984294}.Debug|x64.Build.0 = Debug|Any CPU
		{BCE8E582-89C1-456B-9944-D29EF3984294}.Debug|x86.ActiveCfg = Debug|Any CPU
		{BCE8E582-89C1-456B-9944-D29EF3984294}.Debug|x86.Build.0 = Debug|Any CPU
		{BCE8E582-89C1-456B-9944-D29EF3984294}.Release|Any CPU.ActiveCfg = Release|Any CPU
		{BCE8E582-89C1-456B-9944-D29EF3984294}.Release|Any CPU.Build.0 = Release|Any CPU
		{BCE8E582-89C1-456B-9944-D29EF3984294}.Release|x64.ActiveCfg = Release|Any CPU
		{BCE8E582-89C1-456B-9944-D29EF3984294}.Release|x64.Build.0 = Release|Any CPU
		{BCE8E582-89C1-456B-9944-D29EF3984294}.Release|x86.ActiveCfg = Release|Any CPU
		{BCE8E582-89C1-456B-9944-D29EF3984294}.Release|x86.Build.0 = Release|Any CPU
		{9D35E69E-9258-4AEF-BD0C-E4B443E7A7E4}.Debug|Any CPU.ActiveCfg = Debug|Any CPU
		{9D35E69E-9258-4AEF-BD0C-E4B443E7A7E4}.Debug|Any CPU.Build.0 = Debug|Any CPU
		{9D35E69E-9258-4AEF-BD0C-E4B443E7A7E4}.Debug|x64.ActiveCfg = Debug|Any CPU
		{9D35E69E-9258-4AEF-BD0C-E4B443E7A7E4}.Debug|x64.Build.0 = Debug|Any CPU
		{9D35E69E-9258-4AEF-BD0C-E4B443E7A7E4}.Debug|x86.ActiveCfg = Debug|Any CPU
		{9D35E69E-9258-4AEF-BD0C-E4B443E7A7E4}.Debug|x86.Build.0 = Debug|Any CPU
		{9D35E69E-9258-4AEF-BD0C-E4B443E7A7E4}.Release|Any CPU.ActiveCfg = Release|Any CPU
		{9D35E69E-9258-4AEF-BD0C-E4B443E7A7E4}.Release|Any CPU.Build.0 = Release|Any CPU
		{9D35E69E-9258-4AEF-BD0C-E4B443E7A7E4}.Release|x64.ActiveCfg = Release|Any CPU
		{9D35E69E-9258-4AEF-BD0C-E4B443E7A7E4}.Release|x64.Build.0 = Release|Any CPU
		{9D35E69E-9258-4AEF-BD0C-E4B443E7A7E4}.Release|x86.ActiveCfg = Release|Any CPU
		{9D35E69E-9258-4AEF-BD0C-E4B443E7A7E4}.Release|x86.Build.0 = Release|Any CPU
		{81F1AD23-1A6E-450F-AEB7-19240FE89722}.Debug|Any CPU.ActiveCfg = Debug|Any CPU
		{81F1AD23-1A6E-450F-AEB7-19240FE89722}.Debug|Any CPU.Build.0 = Debug|Any CPU
		{81F1AD23-1A6E-450F-AEB7-19240FE89722}.Debug|x64.ActiveCfg = Debug|Any CPU
		{81F1AD23-1A6E-450F-AEB7-19240FE89722}.Debug|x64.Build.0 = Debug|Any CPU
		{81F1AD23-1A6E-450F-AEB7-19240FE89722}.Debug|x86.ActiveCfg = Debug|Any CPU
		{81F1AD23-1A6E-450F-AEB7-19240FE89722}.Debug|x86.Build.0 = Debug|Any CPU
		{81F1AD23-1A6E-450F-AEB7-19240FE89722}.Release|Any CPU.ActiveCfg = Release|Any CPU
		{81F1AD23-1A6E-450F-AEB7-19240FE89722}.Release|Any CPU.Build.0 = Release|Any CPU
		{81F1AD23-1A6E-450F-AEB7-19240FE89722}.Release|x64.ActiveCfg = Release|Any CPU
		{81F1AD23-1A6E-450F-AEB7-19240FE89722}.Release|x64.Build.0 = Release|Any CPU
		{81F1AD23-1A6E-450F-AEB7-19240FE89722}.Release|x86.ActiveCfg = Release|Any CPU
		{81F1AD23-1A6E-450F-AEB7-19240FE89722}.Release|x86.Build.0 = Release|Any CPU
		{35CE6DC5-2151-436A-8A35-B7D23F7B422C}.Debug|Any CPU.ActiveCfg = Debug|Any CPU
		{35CE6DC5-2151-436A-8A35-B7D23F7B422C}.Debug|Any CPU.Build.0 = Debug|Any CPU
		{35CE6DC5-2151-436A-8A35-B7D23F7B422C}.Debug|x64.ActiveCfg = Debug|Any CPU
		{35CE6DC5-2151-436A-8A35-B7D23F7B422C}.Debug|x64.Build.0 = Debug|Any CPU
		{35CE6DC5-2151-436A-8A35-B7D23F7B422C}.Debug|x86.ActiveCfg = Debug|Any CPU
		{35CE6DC5-2151-436A-8A35-B7D23F7B422C}.Debug|x86.Build.0 = Debug|Any CPU
		{35CE6DC5-2151-436A-8A35-B7D23F7B422C}.Release|Any CPU.ActiveCfg = Release|Any CPU
		{35CE6DC5-2151-436A-8A35-B7D23F7B422C}.Release|Any CPU.Build.0 = Release|Any CPU
		{35CE6DC5-2151-436A-8A35-B7D23F7B422C}.Release|x64.ActiveCfg = Release|Any CPU
		{35CE6DC5-2151-436A-8A35-B7D23F7B422C}.Release|x64.Build.0 = Release|Any CPU
		{35CE6DC5-2151-436A-8A35-B7D23F7B422C}.Release|x86.ActiveCfg = Release|Any CPU
		{35CE6DC5-2151-436A-8A35-B7D23F7B422C}.Release|x86.Build.0 = Release|Any CPU
		{5867077B-4799-495C-95B2-1CBCB0E19251}.Debug|Any CPU.ActiveCfg = Debug|Any CPU
		{5867077B-4799-495C-95B2-1CBCB0E19251}.Debug|Any CPU.Build.0 = Debug|Any CPU
		{5867077B-4799-495C-95B2-1CBCB0E19251}.Debug|x64.ActiveCfg = Debug|Any CPU
		{5867077B-4799-495C-95B2-1CBCB0E19251}.Debug|x64.Build.0 = Debug|Any CPU
		{5867077B-4799-495C-95B2-1CBCB0E19251}.Debug|x86.ActiveCfg = Debug|Any CPU
		{5867077B-4799-495C-95B2-1CBCB0E19251}.Debug|x86.Build.0 = Debug|Any CPU
		{5867077B-4799-495C-95B2-1CBCB0E19251}.Release|Any CPU.ActiveCfg = Release|Any CPU
		{5867077B-4799-495C-95B2-1CBCB0E19251}.Release|Any CPU.Build.0 = Release|Any CPU
		{5867077B-4799-495C-95B2-1CBCB0E19251}.Release|x64.ActiveCfg = Release|Any CPU
		{5867077B-4799-495C-95B2-1CBCB0E19251}.Release|x64.Build.0 = Release|Any CPU
		{5867077B-4799-495C-95B2-1CBCB0E19251}.Release|x86.ActiveCfg = Release|Any CPU
		{5867077B-4799-495C-95B2-1CBCB0E19251}.Release|x86.Build.0 = Release|Any CPU
		{459A7CAF-1DB2-4401-ABF2-17071C339E15}.Debug|Any CPU.ActiveCfg = Debug|Any CPU
		{459A7CAF-1DB2-4401-ABF2-17071C339E15}.Debug|Any CPU.Build.0 = Debug|Any CPU
		{459A7CAF-1DB2-4401-ABF2-17071C339E15}.Debug|x64.ActiveCfg = Debug|Any CPU
		{459A7CAF-1DB2-4401-ABF2-17071C339E15}.Debug|x64.Build.0 = Debug|Any CPU
		{459A7CAF-1DB2-4401-ABF2-17071C339E15}.Debug|x86.ActiveCfg = Debug|Any CPU
		{459A7CAF-1DB2-4401-ABF2-17071C339E15}.Debug|x86.Build.0 = Debug|Any CPU
		{459A7CAF-1DB2-4401-ABF2-17071C339E15}.Release|Any CPU.ActiveCfg = Release|Any CPU
		{459A7CAF-1DB2-4401-ABF2-17071C339E15}.Release|Any CPU.Build.0 = Release|Any CPU
		{459A7CAF-1DB2-4401-ABF2-17071C339E15}.Release|x64.ActiveCfg = Release|Any CPU
		{459A7CAF-1DB2-4401-ABF2-17071C339E15}.Release|x64.Build.0 = Release|Any CPU
		{459A7CAF-1DB2-4401-ABF2-17071C339E15}.Release|x86.ActiveCfg = Release|Any CPU
		{459A7CAF-1DB2-4401-ABF2-17071C339E15}.Release|x86.Build.0 = Release|Any CPU
		{79AA2E80-E4BA-41EF-92BE-BDB37B0E2941}.Debug|Any CPU.ActiveCfg = Debug|Any CPU
		{79AA2E80-E4BA-41EF-92BE-BDB37B0E2941}.Debug|Any CPU.Build.0 = Debug|Any CPU
		{79AA2E80-E4BA-41EF-92BE-BDB37B0E2941}.Debug|x64.ActiveCfg = Debug|Any CPU
		{79AA2E80-E4BA-41EF-92BE-BDB37B0E2941}.Debug|x64.Build.0 = Debug|Any CPU
		{79AA2E80-E4BA-41EF-92BE-BDB37B0E2941}.Debug|x86.ActiveCfg = Debug|Any CPU
		{79AA2E80-E4BA-41EF-92BE-BDB37B0E2941}.Debug|x86.Build.0 = Debug|Any CPU
		{79AA2E80-E4BA-41EF-92BE-BDB37B0E2941}.Release|Any CPU.ActiveCfg = Release|Any CPU
		{79AA2E80-E4BA-41EF-92BE-BDB37B0E2941}.Release|Any CPU.Build.0 = Release|Any CPU
		{79AA2E80-E4BA-41EF-92BE-BDB37B0E2941}.Release|x64.ActiveCfg = Release|Any CPU
		{79AA2E80-E4BA-41EF-92BE-BDB37B0E2941}.Release|x64.Build.0 = Release|Any CPU
		{79AA2E80-E4BA-41EF-92BE-BDB37B0E2941}.Release|x86.ActiveCfg = Release|Any CPU
		{79AA2E80-E4BA-41EF-92BE-BDB37B0E2941}.Release|x86.Build.0 = Release|Any CPU
		{636C9307-68CA-4FF8-A74E-7ED22B1A6FB4}.Debug|Any CPU.ActiveCfg = Debug|Any CPU
		{636C9307-68CA-4FF8-A74E-7ED22B1A6FB4}.Debug|Any CPU.Build.0 = Debug|Any CPU
		{636C9307-68CA-4FF8-A74E-7ED22B1A6FB4}.Debug|x64.ActiveCfg = Debug|Any CPU
		{636C9307-68CA-4FF8-A74E-7ED22B1A6FB4}.Debug|x64.Build.0 = Debug|Any CPU
		{636C9307-68CA-4FF8-A74E-7ED22B1A6FB4}.Debug|x86.ActiveCfg = Debug|Any CPU
		{636C9307-68CA-4FF8-A74E-7ED22B1A6FB4}.Debug|x86.Build.0 = Debug|Any CPU
		{636C9307-68CA-4FF8-A74E-7ED22B1A6FB4}.Release|Any CPU.ActiveCfg = Release|Any CPU
		{636C9307-68CA-4FF8-A74E-7ED22B1A6FB4}.Release|Any CPU.Build.0 = Release|Any CPU
		{636C9307-68CA-4FF8-A74E-7ED22B1A6FB4}.Release|x64.ActiveCfg = Release|Any CPU
		{636C9307-68CA-4FF8-A74E-7ED22B1A6FB4}.Release|x64.Build.0 = Release|Any CPU
		{636C9307-68CA-4FF8-A74E-7ED22B1A6FB4}.Release|x86.ActiveCfg = Release|Any CPU
		{636C9307-68CA-4FF8-A74E-7ED22B1A6FB4}.Release|x86.Build.0 = Release|Any CPU
		{37D93788-2D81-47C5-9B31-CA549CBA89D2}.Debug|Any CPU.ActiveCfg = Debug|Any CPU
		{37D93788-2D81-47C5-9B31-CA549CBA89D2}.Debug|Any CPU.Build.0 = Debug|Any CPU
		{37D93788-2D81-47C5-9B31-CA549CBA89D2}.Debug|x64.ActiveCfg = Debug|Any CPU
		{37D93788-2D81-47C5-9B31-CA549CBA89D2}.Debug|x64.Build.0 = Debug|Any CPU
		{37D93788-2D81-47C5-9B31-CA549CBA89D2}.Debug|x86.ActiveCfg = Debug|Any CPU
		{37D93788-2D81-47C5-9B31-CA549CBA89D2}.Debug|x86.Build.0 = Debug|Any CPU
		{37D93788-2D81-47C5-9B31-CA549CBA89D2}.Release|Any CPU.ActiveCfg = Release|Any CPU
		{37D93788-2D81-47C5-9B31-CA549CBA89D2}.Release|Any CPU.Build.0 = Release|Any CPU
		{37D93788-2D81-47C5-9B31-CA549CBA89D2}.Release|x64.ActiveCfg = Release|Any CPU
		{37D93788-2D81-47C5-9B31-CA549CBA89D2}.Release|x64.Build.0 = Release|Any CPU
		{37D93788-2D81-47C5-9B31-CA549CBA89D2}.Release|x86.ActiveCfg = Release|Any CPU
		{37D93788-2D81-47C5-9B31-CA549CBA89D2}.Release|x86.Build.0 = Release|Any CPU
		{19DB1B27-6784-49CB-B728-8FFC6229ADED}.Debug|Any CPU.ActiveCfg = Debug|Any CPU
		{19DB1B27-6784-49CB-B728-8FFC6229ADED}.Debug|Any CPU.Build.0 = Debug|Any CPU
		{19DB1B27-6784-49CB-B728-8FFC6229ADED}.Debug|x64.ActiveCfg = Debug|Any CPU
		{19DB1B27-6784-49CB-B728-8FFC6229ADED}.Debug|x64.Build.0 = Debug|Any CPU
		{19DB1B27-6784-49CB-B728-8FFC6229ADED}.Debug|x86.ActiveCfg = Debug|Any CPU
		{19DB1B27-6784-49CB-B728-8FFC6229ADED}.Debug|x86.Build.0 = Debug|Any CPU
		{19DB1B27-6784-49CB-B728-8FFC6229ADED}.Release|Any CPU.ActiveCfg = Release|Any CPU
		{19DB1B27-6784-49CB-B728-8FFC6229ADED}.Release|Any CPU.Build.0 = Release|Any CPU
		{19DB1B27-6784-49CB-B728-8FFC6229ADED}.Release|x64.ActiveCfg = Release|Any CPU
		{19DB1B27-6784-49CB-B728-8FFC6229ADED}.Release|x64.Build.0 = Release|Any CPU
		{19DB1B27-6784-49CB-B728-8FFC6229ADED}.Release|x86.ActiveCfg = Release|Any CPU
		{19DB1B27-6784-49CB-B728-8FFC6229ADED}.Release|x86.Build.0 = Release|Any CPU
		{FE65E079-2D4D-407F-914A-EA504A019F64}.Debug|Any CPU.ActiveCfg = Debug|Any CPU
		{FE65E079-2D4D-407F-914A-EA504A019F64}.Debug|Any CPU.Build.0 = Debug|Any CPU
		{FE65E079-2D4D-407F-914A-EA504A019F64}.Debug|x64.ActiveCfg = Debug|Any CPU
		{FE65E079-2D4D-407F-914A-EA504A019F64}.Debug|x64.Build.0 = Debug|Any CPU
		{FE65E079-2D4D-407F-914A-EA504A019F64}.Debug|x86.ActiveCfg = Debug|Any CPU
		{FE65E079-2D4D-407F-914A-EA504A019F64}.Debug|x86.Build.0 = Debug|Any CPU
		{FE65E079-2D4D-407F-914A-EA504A019F64}.Release|Any CPU.ActiveCfg = Release|Any CPU
		{FE65E079-2D4D-407F-914A-EA504A019F64}.Release|Any CPU.Build.0 = Release|Any CPU
		{FE65E079-2D4D-407F-914A-EA504A019F64}.Release|x64.ActiveCfg = Release|Any CPU
		{FE65E079-2D4D-407F-914A-EA504A019F64}.Release|x64.Build.0 = Release|Any CPU
		{FE65E079-2D4D-407F-914A-EA504A019F64}.Release|x86.ActiveCfg = Release|Any CPU
		{FE65E079-2D4D-407F-914A-EA504A019F64}.Release|x86.Build.0 = Release|Any CPU
		{7C5E7B0E-52A1-45DE-A609-3FCE3589F4FC}.Debug|Any CPU.ActiveCfg = Debug|Any CPU
		{7C5E7B0E-52A1-45DE-A609-3FCE3589F4FC}.Debug|Any CPU.Build.0 = Debug|Any CPU
		{7C5E7B0E-52A1-45DE-A609-3FCE3589F4FC}.Debug|x64.ActiveCfg = Debug|Any CPU
		{7C5E7B0E-52A1-45DE-A609-3FCE3589F4FC}.Debug|x64.Build.0 = Debug|Any CPU
		{7C5E7B0E-52A1-45DE-A609-3FCE3589F4FC}.Debug|x86.ActiveCfg = Debug|Any CPU
		{7C5E7B0E-52A1-45DE-A609-3FCE3589F4FC}.Debug|x86.Build.0 = Debug|Any CPU
		{7C5E7B0E-52A1-45DE-A609-3FCE3589F4FC}.Release|Any CPU.ActiveCfg = Release|Any CPU
		{7C5E7B0E-52A1-45DE-A609-3FCE3589F4FC}.Release|Any CPU.Build.0 = Release|Any CPU
		{7C5E7B0E-52A1-45DE-A609-3FCE3589F4FC}.Release|x64.ActiveCfg = Release|Any CPU
		{7C5E7B0E-52A1-45DE-A609-3FCE3589F4FC}.Release|x64.Build.0 = Release|Any CPU
		{7C5E7B0E-52A1-45DE-A609-3FCE3589F4FC}.Release|x86.ActiveCfg = Release|Any CPU
		{7C5E7B0E-52A1-45DE-A609-3FCE3589F4FC}.Release|x86.Build.0 = Release|Any CPU
		{C248853C-BFC2-4405-ABFD-52FFD2D6F8A1}.Debug|Any CPU.ActiveCfg = Debug|Any CPU
		{C248853C-BFC2-4405-ABFD-52FFD2D6F8A1}.Debug|Any CPU.Build.0 = Debug|Any CPU
		{C248853C-BFC2-4405-ABFD-52FFD2D6F8A1}.Debug|x64.ActiveCfg = Debug|Any CPU
		{C248853C-BFC2-4405-ABFD-52FFD2D6F8A1}.Debug|x64.Build.0 = Debug|Any CPU
		{C248853C-BFC2-4405-ABFD-52FFD2D6F8A1}.Debug|x86.ActiveCfg = Debug|Any CPU
		{C248853C-BFC2-4405-ABFD-52FFD2D6F8A1}.Debug|x86.Build.0 = Debug|Any CPU
		{C248853C-BFC2-4405-ABFD-52FFD2D6F8A1}.Release|Any CPU.ActiveCfg = Release|Any CPU
		{C248853C-BFC2-4405-ABFD-52FFD2D6F8A1}.Release|Any CPU.Build.0 = Release|Any CPU
		{C248853C-BFC2-4405-ABFD-52FFD2D6F8A1}.Release|x64.ActiveCfg = Release|Any CPU
		{C248853C-BFC2-4405-ABFD-52FFD2D6F8A1}.Release|x64.Build.0 = Release|Any CPU
		{C248853C-BFC2-4405-ABFD-52FFD2D6F8A1}.Release|x86.ActiveCfg = Release|Any CPU
		{C248853C-BFC2-4405-ABFD-52FFD2D6F8A1}.Release|x86.Build.0 = Release|Any CPU
		{3C2333E2-B21C-46EC-8A47-7EEFD244CEEF}.Debug|Any CPU.ActiveCfg = Debug|Any CPU
		{3C2333E2-B21C-46EC-8A47-7EEFD244CEEF}.Debug|Any CPU.Build.0 = Debug|Any CPU
		{3C2333E2-B21C-46EC-8A47-7EEFD244CEEF}.Debug|x64.ActiveCfg = Debug|Any CPU
		{3C2333E2-B21C-46EC-8A47-7EEFD244CEEF}.Debug|x64.Build.0 = Debug|Any CPU
		{3C2333E2-B21C-46EC-8A47-7EEFD244CEEF}.Debug|x86.ActiveCfg = Debug|Any CPU
		{3C2333E2-B21C-46EC-8A47-7EEFD244CEEF}.Debug|x86.Build.0 = Debug|Any CPU
		{3C2333E2-B21C-46EC-8A47-7EEFD244CEEF}.Release|Any CPU.ActiveCfg = Release|Any CPU
		{3C2333E2-B21C-46EC-8A47-7EEFD244CEEF}.Release|Any CPU.Build.0 = Release|Any CPU
		{3C2333E2-B21C-46EC-8A47-7EEFD244CEEF}.Release|x64.ActiveCfg = Release|Any CPU
		{3C2333E2-B21C-46EC-8A47-7EEFD244CEEF}.Release|x64.Build.0 = Release|Any CPU
		{3C2333E2-B21C-46EC-8A47-7EEFD244CEEF}.Release|x86.ActiveCfg = Release|Any CPU
		{3C2333E2-B21C-46EC-8A47-7EEFD244CEEF}.Release|x86.Build.0 = Release|Any CPU
	EndGlobalSection
	GlobalSection(NestedProjects) = preSolution
		{5D30E174-2538-47AC-8443-318C8C5DC2C9} = {C397A34C-84F1-49E7-AEBC-2F9F2B196216}
		{1CA2E092-2320-451D-A4F0-9ED7C7C528CA} = {ACBEE43C-7A88-4FB1-9B06-DB064D22B29F}
		{5D1DDCCA-B0C1-426E-8A4E-E0B026AD7A5C} = {C397A34C-84F1-49E7-AEBC-2F9F2B196216}
		{00C528EC-228F-4099-866A-A4D741B52F8F} = {C397A34C-84F1-49E7-AEBC-2F9F2B196216}
		{FEDCF341-6B41-492A-9AAE-B566128310E4} = {C397A34C-84F1-49E7-AEBC-2F9F2B196216}
		{8936D866-7231-47A2-BBEC-1D66F44D577D} = {C397A34C-84F1-49E7-AEBC-2F9F2B196216}
		{9DCB9B6B-B122-46E2-8E7B-18D0C300011B} = {8936D866-7231-47A2-BBEC-1D66F44D577D}
		{84AE0E06-DF5C-4F2A-92D8-F570C581058B} = {8936D866-7231-47A2-BBEC-1D66F44D577D}
		{E4036F01-CD06-47F2-835A-AE57521B6172} = {8936D866-7231-47A2-BBEC-1D66F44D577D}
		{8D51882C-8DF3-4012-BE71-AFC6BC0ED688} = {8936D866-7231-47A2-BBEC-1D66F44D577D}
		{DC9B49B8-2135-4F6F-AE52-25074A674C46} = {8936D866-7231-47A2-BBEC-1D66F44D577D}
		{D8EA0F1D-409F-4E6A-A0C6-2715560F9133} = {8936D866-7231-47A2-BBEC-1D66F44D577D}
		{5B007921-5B6C-407A-BD6C-69599053D3CE} = {00C528EC-228F-4099-866A-A4D741B52F8F}
		{EEF96711-0142-4D59-AE42-E4147815A7FD} = {5B007921-5B6C-407A-BD6C-69599053D3CE}
		{63404A22-2592-4D8E-AC27-B3C9FF71851B} = {5B007921-5B6C-407A-BD6C-69599053D3CE}
		{166E2EAD-8DAA-4819-BD7B-1975FDF680A4} = {5B007921-5B6C-407A-BD6C-69599053D3CE}
		{0ED86A3D-8C60-4C97-A269-E2F8A535198A} = {00C528EC-228F-4099-866A-A4D741B52F8F}
		{0F60F9E6-AE68-453F-8982-13920BD5AE33} = {0ED86A3D-8C60-4C97-A269-E2F8A535198A}
		{D8A4A1CE-F74B-4C54-AF21-14529DD82633} = {0ED86A3D-8C60-4C97-A269-E2F8A535198A}
		{6B414FFB-B81F-4690-AB77-6E4C71E87EDE} = {0ED86A3D-8C60-4C97-A269-E2F8A535198A}
		{A4A19B5A-0823-495E-8E9A-8B7B85DEA15B} = {FEDCF341-6B41-492A-9AAE-B566128310E4}
		{CF15AD59-089E-4603-BBE4-5F50A51920BA} = {FEDCF341-6B41-492A-9AAE-B566128310E4}
		{4FAE48C8-4451-451F-8F17-124C3AB6A2BB} = {CF15AD59-089E-4603-BBE4-5F50A51920BA}
		{88FCA16C-2E71-4CBF-88DA-A3CED8B263AD} = {CF15AD59-089E-4603-BBE4-5F50A51920BA}
		{0B629B84-158D-415E-B58D-EF1F9429E840} = {CF15AD59-089E-4603-BBE4-5F50A51920BA}
		{88D28C8B-5E90-43E3-BE1C-C713641D0090} = {C397A34C-84F1-49E7-AEBC-2F9F2B196216}
		{BCE8E582-89C1-456B-9944-D29EF3984294} = {C397A34C-84F1-49E7-AEBC-2F9F2B196216}
		{7343DD72-146F-4297-BE14-21047AC51D78} = {C397A34C-84F1-49E7-AEBC-2F9F2B196216}
		{9D35E69E-9258-4AEF-BD0C-E4B443E7A7E4} = {7343DD72-146F-4297-BE14-21047AC51D78}
		{81F1AD23-1A6E-450F-AEB7-19240FE89722} = {7343DD72-146F-4297-BE14-21047AC51D78}
		{35CE6DC5-2151-436A-8A35-B7D23F7B422C} = {C397A34C-84F1-49E7-AEBC-2F9F2B196216}
		{5867077B-4799-495C-95B2-1CBCB0E19251} = {A4A19B5A-0823-495E-8E9A-8B7B85DEA15B}
		{459A7CAF-1DB2-4401-ABF2-17071C339E15} = {A4A19B5A-0823-495E-8E9A-8B7B85DEA15B}
		{79AA2E80-E4BA-41EF-92BE-BDB37B0E2941} = {A4A19B5A-0823-495E-8E9A-8B7B85DEA15B}
		{636C9307-68CA-4FF8-A74E-7ED22B1A6FB4} = {C397A34C-84F1-49E7-AEBC-2F9F2B196216}
		{A2986B28-FAE6-4CDB-914A-00415878297C} = {C397A34C-84F1-49E7-AEBC-2F9F2B196216}
		{37D93788-2D81-47C5-9B31-CA549CBA89D2} = {A2986B28-FAE6-4CDB-914A-00415878297C}
		{19DB1B27-6784-49CB-B728-8FFC6229ADED} = {A2986B28-FAE6-4CDB-914A-00415878297C}
		{FE65E079-2D4D-407F-914A-EA504A019F64} = {A2986B28-FAE6-4CDB-914A-00415878297C}
		{7C5E7B0E-52A1-45DE-A609-3FCE3589F4FC} = {7343DD72-146F-4297-BE14-21047AC51D78}
		{C248853C-BFC2-4405-ABFD-52FFD2D6F8A1} = {7343DD72-146F-4297-BE14-21047AC51D78}
		{3C2333E2-B21C-46EC-8A47-7EEFD244CEEF} = {C397A34C-84F1-49E7-AEBC-2F9F2B196216}
	EndGlobalSection
EndGlobal
